
Microsoft Visual Studio Solution File, Format Version 12.00
# Visual Studio Version 17
VisualStudioVersion = 17.2.32519.379
MinimumVisualStudioVersion = 10.0.40219.1
Project("{FAE04EC0-301F-11D3-BF4B-00C04F79EFBC}") = "Common", "Common\Common.csproj", "{C3CA4CBF-BE86-4BE8-A57A-225AD49D50F0}"
EndProject
Project("{FAE04EC0-301F-11D3-BF4B-00C04F79EFBC}") = "ViewModels", "ViewModels\ViewModels.csproj", "{3B86DDE1-BBFF-4D2A-9C92-664A2A8A4A93}"
EndProject
Project("{FAE04EC0-301F-11D3-BF4B-00C04F79EFBC}") = "DataAccess", "DataAccess\DataAccess.csproj", "{24EAE327-4DA8-4C19-8281-43BB067537B9}"
EndProject
Project("{FAE04EC0-301F-11D3-BF4B-00C04F79EFBC}") = "Business", "Business\Business.csproj", "{EB5864B3-E58B-479B-842F-5FAB7F9F16D2}"
EndProject
Project("{2150E333-8FDC-42A3-9474-1A3956D46DE8}") = "1-UI", "1-UI", "{5A3F807F-49F5-4F72-BA87-2218B5C26319}"
EndProject
Project("{2150E333-8FDC-42A3-9474-1A3956D46DE8}") = "2-Business", "2-Business", "{B9B1AC75-035D-4579-AE8D-1DD7BD3570DF}"
EndProject
Project("{2150E333-8FDC-42A3-9474-1A3956D46DE8}") = "3-DataAccess", "3-DataAccess", "{D09C24B7-692D-4AD3-B1AC-54DB07E09B67}"
EndProject
Project("{2150E333-8FDC-42A3-9474-1A3956D46DE8}") = "4-Common", "4-Common", "{8A0AC07A-094B-4237-A33C-F7F4553D945F}"
EndProject
Global
	GlobalSection(SolutionConfigurationPlatforms) = preSolution
		Debug|Any CPU = Debug|Any CPU
		Release|Any CPU = Release|Any CPU
	EndGlobalSection
	GlobalSection(ProjectConfigurationPlatforms) = postSolution
		{C3CA4CBF-BE86-4BE8-A57A-225AD49D50F0}.Debug|Any CPU.ActiveCfg = Debug|Any CPU
		{C3CA4CBF-BE86-4BE8-A57A-225AD49D50F0}.Debug|Any CPU.Build.0 = Debug|Any CPU
		{C3CA4CBF-BE86-4BE8-A57A-225AD49D50F0}.Release|Any CPU.ActiveCfg = Release|Any CPU
		{C3CA4CBF-BE86-4BE8-A57A-225AD49D50F0}.Release|Any CPU.Build.0 = Release|Any CPU
		{3B86DDE1-BBFF-4D2A-9C92-664A2A8A4A93}.Debug|Any CPU.ActiveCfg = Debug|Any CPU
		{3B86DDE1-BBFF-4D2A-9C92-664A2A8A4A93}.Debug|Any CPU.Build.0 = Debug|Any CPU
		{3B86DDE1-BBFF-4D2A-9C92-664A2A8A4A93}.Release|Any CPU.ActiveCfg = Release|Any CPU
		{3B86DDE1-BBFF-4D2A-9C92-664A2A8A4A93}.Release|Any CPU.Build.0 = Release|Any CPU
		{24EAE327-4DA8-4C19-8281-43BB067537B9}.Debug|Any CPU.ActiveCfg = Debug|Any CPU
		{24EAE327-4DA8-4C19-8281-43BB067537B9}.Debug|Any CPU.Build.0 = Debug|Any CPU
		{24EAE327-4DA8-4C19-8281-43BB067537B9}.Release|Any CPU.ActiveCfg = Release|Any CPU
		{24EAE327-4DA8-4C19-8281-43BB067537B9}.Release|Any CPU.Build.0 = Release|Any CPU
		{EB5864B3-E58B-479B-842F-5FAB7F9F16D2}.Debug|Any CPU.ActiveCfg = Debug|Any CPU
		{EB5864B3-E58B-479B-842F-5FAB7F9F16D2}.Debug|Any CPU.Build.0 = Debug|Any CPU
		{EB5864B3-E58B-479B-842F-5FAB7F9F16D2}.Release|Any CPU.ActiveCfg = Release|Any CPU
		{EB5864B3-E58B-479B-842F-5FAB7F9F16D2}.Release|Any CPU.Build.0 = Release|Any CPU
	EndGlobalSection
	GlobalSection(SolutionProperties) = preSolution
		HideSolutionNode = FALSE
	EndGlobalSection
	GlobalSection(NestedProjects) = preSolution
		{C3CA4CBF-BE86-4BE8-A57A-225AD49D50F0} = {8A0AC07A-094B-4237-A33C-F7F4553D945F}
		{3B86DDE1-BBFF-4D2A-9C92-664A2A8A4A93} = {8A0AC07A-094B-4237-A33C-F7F4553D945F}
		{24EAE327-4DA8-4C19-8281-43BB067537B9} = {D09C24B7-692D-4AD3-B1AC-54DB07E09B67}
		{EB5864B3-E58B-479B-842F-5FAB7F9F16D2} = {B9B1AC75-035D-4579-AE8D-1DD7BD3570DF}
	EndGlobalSection
	GlobalSection(ExtensibilityGlobals) = postSolution
		SolutionGuid = {940F593E-7D16-46B9-903E-8D9C8892AF8C}
	EndGlobalSection
EndGlobal
